SITE
  remote: http://community.opscode.com/api/v1
  specs:
    apt (2.3.8)
    build-essential (2.0.0)
    chef_handler (1.1.5)
    dmg (2.2.0)
    fail2ban (2.1.2)
      yum (~> 3.0)
      yum-epel (>= 0.0.0)
    git (3.1.0)
      build-essential (>= 0.0.0)
      dmg (>= 0.0.0)
      runit (>= 1.0.0)
      windows (>= 0.0.0)
      yum (~> 3.0)
      yum-epel (>= 0.0.0)
    htpasswd (0.1.2)
      python (>= 0.0.0)
      ruby (>= 0.0.0)
    logrotate (1.5.0)
    partial_search (1.0.8)
    python (1.4.6)
      build-essential (>= 0.0.0)
      yum-epel (>= 0.0.0)
    ruby (0.9.2)
    runit (1.5.10)
      build-essential (>= 0.0.0)
      yum (~> 3.0)
      yum-epel (>= 0.0.0)
    ssh_known_hosts (1.2.0)
      partial_search (>= 0.0.0)
    sudo (2.5.2)
    user (0.3.0)
    windows (1.30.0)
      chef_handler (>= 0.0.0)
    yum (3.1.4)
    yum-epel (0.3.4)
      yum (~> 3.0)

GIT
  remote: https://github.com/ffuenf/chef-dotdeb
  ref: master
  sha: c19da056a6b79c5321099e223a4d6625cdc0a3fd
  specs:
    dotdeb (0.0.7)
      apt (>= 0.0.0)

PATH
  remote: .
  specs:
    dop_base (0.0.6)
      apt (>= 0.0.0)
      dotdeb (>= 0.0.0)
      fail2ban (>= 0.0.0)
      git (>= 0.0.0)
      htpasswd (>= 0.0.0)
      logrotate (>= 0.0.0)
      ssh_known_hosts (>= 0.0.0)
      sudo (>= 0.0.0)
      user (>= 0.0.0)

DEPENDENCIES
  dop_base (>= 0)
  dotdeb (>= 0)

